{
  "name": "frontend",
  "lockfileVersion": 2,
  "requires": true,
  "packages": {
    "": {
      "dependencies": {
        "tstl": "^2.4.16"
      }
    },
    "node_modules/tstl": {
      "version": "2.4.16",
      "resolved": "https://registry.npmjs.org/tstl/-/tstl-2.4.16.tgz",
      "integrity": "sha512-eoHb9w5jaMqlLOLAR1rWlJ4hHoqmfJd/HKFPOIJrzH+AVocBKXKgGIDBWRvV4Qsjr6rNgGFpEZgqtTbeXnO8Mg=="
    }
  },
  "dependencies": {
    "tstl": {
      "version": "2.4.16",
      "resolved": "https://registry.npmjs.org/tstl/-/tstl-2.4.16.tgz",
      "integrity": "sha512-eoHb9w5jaMqlLOLAR1rWlJ4hHoqmfJd/HKFPOIJrzH+AVocBKXKgGIDBWRvV4Qsjr6rNgGFpEZgqtTbeXnO8Mg=="
    }
  }
}
